
Microsoft Visual Studio Solution File, Format Version 12.00
# Visual Studio 14
VisualStudioVersion = 14.0.25420.1
MinimumVisualStudioVersion = 10.0.40219.1
Project("{FAE04EC0-301F-11D3-BF4B-00C04F79EFBC}") = "DynamicJson", "Test1\DynamicJson.csproj", "{DFFCEFDC-8023-423C-9877-2322D512F70F}"
EndProject
Project("{FAE04EC0-301F-11D3-BF4B-00C04F79EFBC}") = "ServerSentEvents", "ServerSentEvents\ServerSentEvents.csproj", "{75150099-8E11-4254-9B69-5AD6EC487725}"
EndProject
Project("{FAE04EC0-301F-11D3-BF4B-00C04F79EFBC}") = "Sort", "Sort\Sort.csproj", "{5788EF34-B2EC-4A09-B539-1D31904FD2EA}"
EndProject
Project("{FAE04EC0-301F-11D3-BF4B-00C04F79EFBC}") = "NHibernateDemoApp", "NHibernateDemoApp\NHibernateDemoApp.csproj", "{54BB611C-6120-437F-A461-9D0C9A24408D}"
EndProject
Project("{FAE04EC0-301F-11D3-BF4B-00C04F79EFBC}") = "FluentNHibernateDemo", "FluentNHibernateDemo\FluentNHibernateDemo.csproj", "{7B66C252-5866-4814-BF39-3FC53E0C742E}"
EndProject
Global
	GlobalSection(SolutionConfigurationPlatforms) = preSolution
		Debug|Any CPU = Debug|Any CPU
		Release|Any CPU = Release|Any CPU
	EndGlobalSection
	GlobalSection(ProjectConfigurationPlatforms) = postSolution
		{DFFCEFDC-8023-423C-9877-2322D512F70F}.Debug|Any CPU.ActiveCfg = Debug|Any CPU
		{DFFCEFDC-8023-423C-9877-2322D512F70F}.Debug|Any CPU.Build.0 = Debug|Any CPU
		{DFFCEFDC-8023-423C-9877-2322D512F70F}.Release|Any CPU.ActiveCfg = Release|Any CPU
		{DFFCEFDC-8023-423C-9877-2322D512F70F}.Release|Any CPU.Build.0 = Release|Any CPU
		{75150099-8E11-4254-9B69-5AD6EC487725}.Debug|Any CPU.ActiveCfg = Debug|Any CPU
		{75150099-8E11-4254-9B69-5AD6EC487725}.Debug|Any CPU.Build.0 = Debug|Any CPU
		{75150099-8E11-4254-9B69-5AD6EC487725}.Release|Any CPU.ActiveCfg = Release|Any CPU
		{75150099-8E11-4254-9B69-5AD6EC487725}.Release|Any CPU.Build.0 = Release|Any CPU
		{5788EF34-B2EC-4A09-B539-1D31904FD2EA}.Debug|Any CPU.ActiveCfg = Debug|Any CPU
		{5788EF34-B2EC-4A09-B539-1D31904FD2EA}.Debug|Any CPU.Build.0 = Debug|Any CPU
		{5788EF34-B2EC-4A09-B539-1D31904FD2EA}.Release|Any CPU.ActiveCfg = Release|Any CPU
		{5788EF34-B2EC-4A09-B539-1D31904FD2EA}.Release|Any CPU.Build.0 = Release|Any CPU
		{54BB611C-6120-437F-A461-9D0C9A24408D}.Debug|Any CPU.ActiveCfg = Debug|Any CPU
		{54BB611C-6120-437F-A461-9D0C9A24408D}.Debug|Any CPU.Build.0 = Debug|Any CPU
		{54BB611C-6120-437F-A461-9D0C9A24408D}.Release|Any CPU.ActiveCfg = Release|Any CPU
		{54BB611C-6120-437F-A461-9D0C9A24408D}.Release|Any CPU.Build.0 = Release|Any CPU
		{7B66C252-5866-4814-BF39-3FC53E0C742E}.Debug|Any CPU.ActiveCfg = Debug|Any CPU
		{7B66C252-5866-4814-BF39-3FC53E0C742E}.Debug|Any CPU.Build.0 = Debug|Any CPU
		{7B66C252-5866-4814-BF39-3FC53E0C742E}.Release|Any CPU.ActiveCfg = Release|Any CPU
		{7B66C252-5866-4814-BF39-3FC53E0C742E}.Release|Any CPU.Build.0 = Release|Any CPU
	EndGlobalSection
	GlobalSection(SolutionProperties) = preSolution
		HideSolutionNode = FALSE
	EndGlobalSection
EndGlobal
