
Microsoft Visual Studio Solution File, Format Version 12.00
# Visual Studio 15
VisualStudioVersion = 15.0.27004.2005
MinimumVisualStudioVersion = 10.0.40219.1
Project("{FAE04EC0-301F-11D3-BF4B-00C04F79EFBC}") = "DynamicJson", "Test1\DynamicJson.csproj", "{DFFCEFDC-8023-423C-9877-2322D512F70F}"
EndProject
Project("{FAE04EC0-301F-11D3-BF4B-00C04F79EFBC}") = "ServerSentEvents", "ServerSentEvents\ServerSentEvents.csproj", "{75150099-8E11-4254-9B69-5AD6EC487725}"
EndProject
Project("{FAE04EC0-301F-11D3-BF4B-00C04F79EFBC}") = "Sort", "Sort\Sort.csproj", "{5788EF34-B2EC-4A09-B539-1D31904FD2EA}"
EndProject
Project("{FAE04EC0-301F-11D3-BF4B-00C04F79EFBC}") = "NHibernateDemoApp", "NHibernateDemoApp\NHibernateDemoApp.csproj", "{54BB611C-6120-437F-A461-9D0C9A24408D}"
EndProject
Project("{FAE04EC0-301F-11D3-BF4B-00C04F79EFBC}") = "FluentNHibernateDemo", "FluentNHibernateDemo\FluentNHibernateDemo.csproj", "{7B66C252-5866-4814-BF39-3FC53E0C742E}"
EndProject
Project("{FAE04EC0-301F-11D3-BF4B-00C04F79EFBC}") = "AsyncTaskAwait", "AsyncTaskAwait\AsyncTaskAwait.csproj", "{DC2F384A-ED9E-4A26-BAC8-21DEB3FA183E}"
EndProject
Project("{FAE04EC0-301F-11D3-BF4B-00C04F79EFBC}") = "Stuff", "Stuff\Stuff.csproj", "{7620117E-72F9-41CD-82D9-D2D2304D0223}"
EndProject
Project("{FAE04EC0-301F-11D3-BF4B-00C04F79EFBC}") = "Threading", "Threading\Threading.csproj", "{EAB99AF0-42DF-4CCB-BDEF-E102FD238B21}"
EndProject
Project("{FAE04EC0-301F-11D3-BF4B-00C04F79EFBC}") = "Email", "Email\Email.csproj", "{D50B30C5-4DE7-4C48-BED6-D50806FA86C0}"
EndProject
Project("{FAE04EC0-301F-11D3-BF4B-00C04F79EFBC}") = "CleanPhotos", "CleanPhotos\CleanPhotos.csproj", "{AE26CEDB-0D7B-47FB-BB66-1E1B64CD0384}"
EndProject
Project("{FAE04EC0-301F-11D3-BF4B-00C04F79EFBC}") = "OwinRestService", "OwinRestService\OwinRestService.csproj", "{1E97C20C-6111-4D34-BAF4-5687C2593C01}"
EndProject
Project("{FAE04EC0-301F-11D3-BF4B-00C04F79EFBC}") = "OwinWebApp", "OwinWebApp\OwinWebApp.csproj", "{D57CB209-36AA-4F1D-A666-4478919973AA}"
EndProject
Project("{FAE04EC0-301F-11D3-BF4B-00C04F79EFBC}") = "Polymorphism", "Polymorphism\Polymorphism.csproj", "{57F55267-591E-4869-9D1A-CECC37A8164B}"
EndProject
Project("{FAE04EC0-301F-11D3-BF4B-00C04F79EFBC}") = "EntityFramework", "EntityFramework\EntityFramework.csproj", "{C1F247C9-DBCE-4B27-B135-5965803AD78A}"
EndProject
Global
	GlobalSection(SolutionConfigurationPlatforms) = preSolution
		Debug|Any CPU = Debug|Any CPU
		Debug|ARM = Debug|ARM
		Debug|x64 = Debug|x64
		Debug|x86 = Debug|x86
		Release|Any CPU = Release|Any CPU
		Release|ARM = Release|ARM
		Release|x64 = Release|x64
		Release|x86 = Release|x86
	EndGlobalSection
	GlobalSection(ProjectConfigurationPlatforms) = postSolution
		{DFFCEFDC-8023-423C-9877-2322D512F70F}.Debug|Any CPU.ActiveCfg = Debug|Any CPU
		{DFFCEFDC-8023-423C-9877-2322D512F70F}.Debug|Any CPU.Build.0 = Debug|Any CPU
		{DFFCEFDC-8023-423C-9877-2322D512F70F}.Debug|ARM.ActiveCfg = Debug|Any CPU
		{DFFCEFDC-8023-423C-9877-2322D512F70F}.Debug|ARM.Build.0 = Debug|Any CPU
		{DFFCEFDC-8023-423C-9877-2322D512F70F}.Debug|x64.ActiveCfg = Debug|Any CPU
		{DFFCEFDC-8023-423C-9877-2322D512F70F}.Debug|x64.Build.0 = Debug|Any CPU
		{DFFCEFDC-8023-423C-9877-2322D512F70F}.Debug|x86.ActiveCfg = Debug|Any CPU
		{DFFCEFDC-8023-423C-9877-2322D512F70F}.Debug|x86.Build.0 = Debug|Any CPU
		{DFFCEFDC-8023-423C-9877-2322D512F70F}.Release|Any CPU.ActiveCfg = Release|Any CPU
		{DFFCEFDC-8023-423C-9877-2322D512F70F}.Release|Any CPU.Build.0 = Release|Any CPU
		{DFFCEFDC-8023-423C-9877-2322D512F70F}.Release|ARM.ActiveCfg = Release|Any CPU
		{DFFCEFDC-8023-423C-9877-2322D512F70F}.Release|ARM.Build.0 = Release|Any CPU
		{DFFCEFDC-8023-423C-9877-2322D512F70F}.Release|x64.ActiveCfg = Release|Any CPU
		{DFFCEFDC-8023-423C-9877-2322D512F70F}.Release|x64.Build.0 = Release|Any CPU
		{DFFCEFDC-8023-423C-9877-2322D512F70F}.Release|x86.ActiveCfg = Release|Any CPU
		{DFFCEFDC-8023-423C-9877-2322D512F70F}.Release|x86.Build.0 = Release|Any CPU
		{75150099-8E11-4254-9B69-5AD6EC487725}.Debug|Any CPU.ActiveCfg = Debug|Any CPU
		{75150099-8E11-4254-9B69-5AD6EC487725}.Debug|Any CPU.Build.0 = Debug|Any CPU
		{75150099-8E11-4254-9B69-5AD6EC487725}.Debug|ARM.ActiveCfg = Debug|Any CPU
		{75150099-8E11-4254-9B69-5AD6EC487725}.Debug|ARM.Build.0 = Debug|Any CPU
		{75150099-8E11-4254-9B69-5AD6EC487725}.Debug|x64.ActiveCfg = Debug|Any CPU
		{75150099-8E11-4254-9B69-5AD6EC487725}.Debug|x64.Build.0 = Debug|Any CPU
		{75150099-8E11-4254-9B69-5AD6EC487725}.Debug|x86.ActiveCfg = Debug|Any CPU
		{75150099-8E11-4254-9B69-5AD6EC487725}.Debug|x86.Build.0 = Debug|Any CPU
		{75150099-8E11-4254-9B69-5AD6EC487725}.Release|Any CPU.ActiveCfg = Release|Any CPU
		{75150099-8E11-4254-9B69-5AD6EC487725}.Release|Any CPU.Build.0 = Release|Any CPU
		{75150099-8E11-4254-9B69-5AD6EC487725}.Release|ARM.ActiveCfg = Release|Any CPU
		{75150099-8E11-4254-9B69-5AD6EC487725}.Release|ARM.Build.0 = Release|Any CPU
		{75150099-8E11-4254-9B69-5AD6EC487725}.Release|x64.ActiveCfg = Release|Any CPU
		{75150099-8E11-4254-9B69-5AD6EC487725}.Release|x64.Build.0 = Release|Any CPU
		{75150099-8E11-4254-9B69-5AD6EC487725}.Release|x86.ActiveCfg = Release|Any CPU
		{75150099-8E11-4254-9B69-5AD6EC487725}.Release|x86.Build.0 = Release|Any CPU
		{5788EF34-B2EC-4A09-B539-1D31904FD2EA}.Debug|Any CPU.ActiveCfg = Debug|Any CPU
		{5788EF34-B2EC-4A09-B539-1D31904FD2EA}.Debug|Any CPU.Build.0 = Debug|Any CPU
		{5788EF34-B2EC-4A09-B539-1D31904FD2EA}.Debug|ARM.ActiveCfg = Debug|Any CPU
		{5788EF34-B2EC-4A09-B539-1D31904FD2EA}.Debug|ARM.Build.0 = Debug|Any CPU
		{5788EF34-B2EC-4A09-B539-1D31904FD2EA}.Debug|x64.ActiveCfg = Debug|Any CPU
		{5788EF34-B2EC-4A09-B539-1D31904FD2EA}.Debug|x64.Build.0 = Debug|Any CPU
		{5788EF34-B2EC-4A09-B539-1D31904FD2EA}.Debug|x86.ActiveCfg = Debug|Any CPU
		{5788EF34-B2EC-4A09-B539-1D31904FD2EA}.Debug|x86.Build.0 = Debug|Any CPU
		{5788EF34-B2EC-4A09-B539-1D31904FD2EA}.Release|Any CPU.ActiveCfg = Release|Any CPU
		{5788EF34-B2EC-4A09-B539-1D31904FD2EA}.Release|Any CPU.Build.0 = Release|Any CPU
		{5788EF34-B2EC-4A09-B539-1D31904FD2EA}.Release|ARM.ActiveCfg = Release|Any CPU
		{5788EF34-B2EC-4A09-B539-1D31904FD2EA}.Release|ARM.Build.0 = Release|Any CPU
		{5788EF34-B2EC-4A09-B539-1D31904FD2EA}.Release|x64.ActiveCfg = Release|Any CPU
		{5788EF34-B2EC-4A09-B539-1D31904FD2EA}.Release|x64.Build.0 = Release|Any CPU
		{5788EF34-B2EC-4A09-B539-1D31904FD2EA}.Release|x86.ActiveCfg = Release|Any CPU
		{5788EF34-B2EC-4A09-B539-1D31904FD2EA}.Release|x86.Build.0 = Release|Any CPU
		{54BB611C-6120-437F-A461-9D0C9A24408D}.Debug|Any CPU.ActiveCfg = Debug|Any CPU
		{54BB611C-6120-437F-A461-9D0C9A24408D}.Debug|Any CPU.Build.0 = Debug|Any CPU
		{54BB611C-6120-437F-A461-9D0C9A24408D}.Debug|ARM.ActiveCfg = Debug|Any CPU
		{54BB611C-6120-437F-A461-9D0C9A24408D}.Debug|ARM.Build.0 = Debug|Any CPU
		{54BB611C-6120-437F-A461-9D0C9A24408D}.Debug|x64.ActiveCfg = Debug|Any CPU
		{54BB611C-6120-437F-A461-9D0C9A24408D}.Debug|x64.Build.0 = Debug|Any CPU
		{54BB611C-6120-437F-A461-9D0C9A24408D}.Debug|x86.ActiveCfg = Debug|Any CPU
		{54BB611C-6120-437F-A461-9D0C9A24408D}.Debug|x86.Build.0 = Debug|Any CPU
		{54BB611C-6120-437F-A461-9D0C9A24408D}.Release|Any CPU.ActiveCfg = Release|Any CPU
		{54BB611C-6120-437F-A461-9D0C9A24408D}.Release|Any CPU.Build.0 = Release|Any CPU
		{54BB611C-6120-437F-A461-9D0C9A24408D}.Release|ARM.ActiveCfg = Release|Any CPU
		{54BB611C-6120-437F-A461-9D0C9A24408D}.Release|ARM.Build.0 = Release|Any CPU
		{54BB611C-6120-437F-A461-9D0C9A24408D}.Release|x64.ActiveCfg = Release|Any CPU
		{54BB611C-6120-437F-A461-9D0C9A24408D}.Release|x64.Build.0 = Release|Any CPU
		{54BB611C-6120-437F-A461-9D0C9A24408D}.Release|x86.ActiveCfg = Release|Any CPU
		{54BB611C-6120-437F-A461-9D0C9A24408D}.Release|x86.Build.0 = Release|Any CPU
		{7B66C252-5866-4814-BF39-3FC53E0C742E}.Debug|Any CPU.ActiveCfg = Debug|Any CPU
		{7B66C252-5866-4814-BF39-3FC53E0C742E}.Debug|Any CPU.Build.0 = Debug|Any CPU
		{7B66C252-5866-4814-BF39-3FC53E0C742E}.Debug|ARM.ActiveCfg = Debug|Any CPU
		{7B66C252-5866-4814-BF39-3FC53E0C742E}.Debug|ARM.Build.0 = Debug|Any CPU
		{7B66C252-5866-4814-BF39-3FC53E0C742E}.Debug|x64.ActiveCfg = Debug|Any CPU
		{7B66C252-5866-4814-BF39-3FC53E0C742E}.Debug|x64.Build.0 = Debug|Any CPU
		{7B66C252-5866-4814-BF39-3FC53E0C742E}.Debug|x86.ActiveCfg = Debug|Any CPU
		{7B66C252-5866-4814-BF39-3FC53E0C742E}.Debug|x86.Build.0 = Debug|Any CPU
		{7B66C252-5866-4814-BF39-3FC53E0C742E}.Release|Any CPU.ActiveCfg = Release|Any CPU
		{7B66C252-5866-4814-BF39-3FC53E0C742E}.Release|Any CPU.Build.0 = Release|Any CPU
		{7B66C252-5866-4814-BF39-3FC53E0C742E}.Release|ARM.ActiveCfg = Release|Any CPU
		{7B66C252-5866-4814-BF39-3FC53E0C742E}.Release|ARM.Build.0 = Release|Any CPU
		{7B66C252-5866-4814-BF39-3FC53E0C742E}.Release|x64.ActiveCfg = Release|Any CPU
		{7B66C252-5866-4814-BF39-3FC53E0C742E}.Release|x64.Build.0 = Release|Any CPU
		{7B66C252-5866-4814-BF39-3FC53E0C742E}.Release|x86.ActiveCfg = Release|Any CPU
		{7B66C252-5866-4814-BF39-3FC53E0C742E}.Release|x86.Build.0 = Release|Any CPU
		{DC2F384A-ED9E-4A26-BAC8-21DEB3FA183E}.Debug|Any CPU.ActiveCfg = Debug|Any CPU
		{DC2F384A-ED9E-4A26-BAC8-21DEB3FA183E}.Debug|Any CPU.Build.0 = Debug|Any CPU
		{DC2F384A-ED9E-4A26-BAC8-21DEB3FA183E}.Debug|ARM.ActiveCfg = Debug|Any CPU
		{DC2F384A-ED9E-4A26-BAC8-21DEB3FA183E}.Debug|ARM.Build.0 = Debug|Any CPU
		{DC2F384A-ED9E-4A26-BAC8-21DEB3FA183E}.Debug|x64.ActiveCfg = Debug|Any CPU
		{DC2F384A-ED9E-4A26-BAC8-21DEB3FA183E}.Debug|x64.Build.0 = Debug|Any CPU
		{DC2F384A-ED9E-4A26-BAC8-21DEB3FA183E}.Debug|x86.ActiveCfg = Debug|Any CPU
		{DC2F384A-ED9E-4A26-BAC8-21DEB3FA183E}.Debug|x86.Build.0 = Debug|Any CPU
		{DC2F384A-ED9E-4A26-BAC8-21DEB3FA183E}.Release|Any CPU.ActiveCfg = Release|Any CPU
		{DC2F384A-ED9E-4A26-BAC8-21DEB3FA183E}.Release|Any CPU.Build.0 = Release|Any CPU
		{DC2F384A-ED9E-4A26-BAC8-21DEB3FA183E}.Release|ARM.ActiveCfg = Release|Any CPU
		{DC2F384A-ED9E-4A26-BAC8-21DEB3FA183E}.Release|ARM.Build.0 = Release|Any CPU
		{DC2F384A-ED9E-4A26-BAC8-21DEB3FA183E}.Release|x64.ActiveCfg = Release|Any CPU
		{DC2F384A-ED9E-4A26-BAC8-21DEB3FA183E}.Release|x64.Build.0 = Release|Any CPU
		{DC2F384A-ED9E-4A26-BAC8-21DEB3FA183E}.Release|x86.ActiveCfg = Release|Any CPU
		{DC2F384A-ED9E-4A26-BAC8-21DEB3FA183E}.Release|x86.Build.0 = Release|Any CPU
		{7620117E-72F9-41CD-82D9-D2D2304D0223}.Debug|Any CPU.ActiveCfg = Debug|Any CPU
		{7620117E-72F9-41CD-82D9-D2D2304D0223}.Debug|Any CPU.Build.0 = Debug|Any CPU
		{7620117E-72F9-41CD-82D9-D2D2304D0223}.Debug|ARM.ActiveCfg = Debug|Any CPU
		{7620117E-72F9-41CD-82D9-D2D2304D0223}.Debug|ARM.Build.0 = Debug|Any CPU
		{7620117E-72F9-41CD-82D9-D2D2304D0223}.Debug|x64.ActiveCfg = Debug|Any CPU
		{7620117E-72F9-41CD-82D9-D2D2304D0223}.Debug|x64.Build.0 = Debug|Any CPU
		{7620117E-72F9-41CD-82D9-D2D2304D0223}.Debug|x86.ActiveCfg = Debug|Any CPU
		{7620117E-72F9-41CD-82D9-D2D2304D0223}.Debug|x86.Build.0 = Debug|Any CPU
		{7620117E-72F9-41CD-82D9-D2D2304D0223}.Release|Any CPU.ActiveCfg = Release|Any CPU
		{7620117E-72F9-41CD-82D9-D2D2304D0223}.Release|Any CPU.Build.0 = Release|Any CPU
		{7620117E-72F9-41CD-82D9-D2D2304D0223}.Release|ARM.ActiveCfg = Release|Any CPU
		{7620117E-72F9-41CD-82D9-D2D2304D0223}.Release|ARM.Build.0 = Release|Any CPU
		{7620117E-72F9-41CD-82D9-D2D2304D0223}.Release|x64.ActiveCfg = Release|Any CPU
		{7620117E-72F9-41CD-82D9-D2D2304D0223}.Release|x64.Build.0 = Release|Any CPU
		{7620117E-72F9-41CD-82D9-D2D2304D0223}.Release|x86.ActiveCfg = Release|Any CPU
		{7620117E-72F9-41CD-82D9-D2D2304D0223}.Release|x86.Build.0 = Release|Any CPU
		{EAB99AF0-42DF-4CCB-BDEF-E102FD238B21}.Debug|Any CPU.ActiveCfg = Debug|Any CPU
		{EAB99AF0-42DF-4CCB-BDEF-E102FD238B21}.Debug|Any CPU.Build.0 = Debug|Any CPU
		{EAB99AF0-42DF-4CCB-BDEF-E102FD238B21}.Debug|ARM.ActiveCfg = Debug|Any CPU
		{EAB99AF0-42DF-4CCB-BDEF-E102FD238B21}.Debug|ARM.Build.0 = Debug|Any CPU
		{EAB99AF0-42DF-4CCB-BDEF-E102FD238B21}.Debug|x64.ActiveCfg = Debug|Any CPU
		{EAB99AF0-42DF-4CCB-BDEF-E102FD238B21}.Debug|x64.Build.0 = Debug|Any CPU
		{EAB99AF0-42DF-4CCB-BDEF-E102FD238B21}.Debug|x86.ActiveCfg = Debug|Any CPU
		{EAB99AF0-42DF-4CCB-BDEF-E102FD238B21}.Debug|x86.Build.0 = Debug|Any CPU
		{EAB99AF0-42DF-4CCB-BDEF-E102FD238B21}.Release|Any CPU.ActiveCfg = Release|Any CPU
		{EAB99AF0-42DF-4CCB-BDEF-E102FD238B21}.Release|Any CPU.Build.0 = Release|Any CPU
		{EAB99AF0-42DF-4CCB-BDEF-E102FD238B21}.Release|ARM.ActiveCfg = Release|Any CPU
		{EAB99AF0-42DF-4CCB-BDEF-E102FD238B21}.Release|ARM.Build.0 = Release|Any CPU
		{EAB99AF0-42DF-4CCB-BDEF-E102FD238B21}.Release|x64.ActiveCfg = Release|Any CPU
		{EAB99AF0-42DF-4CCB-BDEF-E102FD238B21}.Release|x64.Build.0 = Release|Any CPU
		{EAB99AF0-42DF-4CCB-BDEF-E102FD238B21}.Release|x86.ActiveCfg = Release|Any CPU
		{EAB99AF0-42DF-4CCB-BDEF-E102FD238B21}.Release|x86.Build.0 = Release|Any CPU
		{D50B30C5-4DE7-4C48-BED6-D50806FA86C0}.Debug|Any CPU.ActiveCfg = Debug|Any CPU
		{D50B30C5-4DE7-4C48-BED6-D50806FA86C0}.Debug|Any CPU.Build.0 = Debug|Any CPU
		{D50B30C5-4DE7-4C48-BED6-D50806FA86C0}.Debug|ARM.ActiveCfg = Debug|Any CPU
		{D50B30C5-4DE7-4C48-BED6-D50806FA86C0}.Debug|ARM.Build.0 = Debug|Any CPU
		{D50B30C5-4DE7-4C48-BED6-D50806FA86C0}.Debug|x64.ActiveCfg = Debug|Any CPU
		{D50B30C5-4DE7-4C48-BED6-D50806FA86C0}.Debug|x64.Build.0 = Debug|Any CPU
		{D50B30C5-4DE7-4C48-BED6-D50806FA86C0}.Debug|x86.ActiveCfg = Debug|Any CPU
		{D50B30C5-4DE7-4C48-BED6-D50806FA86C0}.Debug|x86.Build.0 = Debug|Any CPU
		{D50B30C5-4DE7-4C48-BED6-D50806FA86C0}.Release|Any CPU.ActiveCfg = Release|Any CPU
		{D50B30C5-4DE7-4C48-BED6-D50806FA86C0}.Release|Any CPU.Build.0 = Release|Any CPU
		{D50B30C5-4DE7-4C48-BED6-D50806FA86C0}.Release|ARM.ActiveCfg = Release|Any CPU
		{D50B30C5-4DE7-4C48-BED6-D50806FA86C0}.Release|ARM.Build.0 = Release|Any CPU
		{D50B30C5-4DE7-4C48-BED6-D50806FA86C0}.Release|x64.ActiveCfg = Release|Any CPU
		{D50B30C5-4DE7-4C48-BED6-D50806FA86C0}.Release|x64.Build.0 = Release|Any CPU
		{D50B30C5-4DE7-4C48-BED6-D50806FA86C0}.Release|x86.ActiveCfg = Release|Any CPU
		{D50B30C5-4DE7-4C48-BED6-D50806FA86C0}.Release|x86.Build.0 = Release|Any CPU
		{AE26CEDB-0D7B-47FB-BB66-1E1B64CD0384}.Debug|Any CPU.ActiveCfg = Debug|Any CPU
		{AE26CEDB-0D7B-47FB-BB66-1E1B64CD0384}.Debug|Any CPU.Build.0 = Debug|Any CPU
		{AE26CEDB-0D7B-47FB-BB66-1E1B64CD0384}.Debug|ARM.ActiveCfg = Debug|Any CPU
		{AE26CEDB-0D7B-47FB-BB66-1E1B64CD0384}.Debug|ARM.Build.0 = Debug|Any CPU
		{AE26CEDB-0D7B-47FB-BB66-1E1B64CD0384}.Debug|x64.ActiveCfg = Debug|Any CPU
		{AE26CEDB-0D7B-47FB-BB66-1E1B64CD0384}.Debug|x64.Build.0 = Debug|Any CPU
		{AE26CEDB-0D7B-47FB-BB66-1E1B64CD0384}.Debug|x86.ActiveCfg = Debug|Any CPU
		{AE26CEDB-0D7B-47FB-BB66-1E1B64CD0384}.Debug|x86.Build.0 = Debug|Any CPU
		{AE26CEDB-0D7B-47FB-BB66-1E1B64CD0384}.Release|Any CPU.ActiveCfg = Release|Any CPU
		{AE26CEDB-0D7B-47FB-BB66-1E1B64CD0384}.Release|Any CPU.Build.0 = Release|Any CPU
		{AE26CEDB-0D7B-47FB-BB66-1E1B64CD0384}.Release|ARM.ActiveCfg = Release|Any CPU
		{AE26CEDB-0D7B-47FB-BB66-1E1B64CD0384}.Release|ARM.Build.0 = Release|Any CPU
		{AE26CEDB-0D7B-47FB-BB66-1E1B64CD0384}.Release|x64.ActiveCfg = Release|Any CPU
		{AE26CEDB-0D7B-47FB-BB66-1E1B64CD0384}.Release|x64.Build.0 = Release|Any CPU
		{AE26CEDB-0D7B-47FB-BB66-1E1B64CD0384}.Release|x86.ActiveCfg = Release|Any CPU
		{AE26CEDB-0D7B-47FB-BB66-1E1B64CD0384}.Release|x86.Build.0 = Release|Any CPU
		{1E97C20C-6111-4D34-BAF4-5687C2593C01}.Debug|Any CPU.ActiveCfg = Debug|Any CPU
		{1E97C20C-6111-4D34-BAF4-5687C2593C01}.Debug|Any CPU.Build.0 = Debug|Any CPU
		{1E97C20C-6111-4D34-BAF4-5687C2593C01}.Debug|ARM.ActiveCfg = Debug|Any CPU
		{1E97C20C-6111-4D34-BAF4-5687C2593C01}.Debug|ARM.Build.0 = Debug|Any CPU
		{1E97C20C-6111-4D34-BAF4-5687C2593C01}.Debug|x64.ActiveCfg = Debug|Any CPU
		{1E97C20C-6111-4D34-BAF4-5687C2593C01}.Debug|x64.Build.0 = Debug|Any CPU
		{1E97C20C-6111-4D34-BAF4-5687C2593C01}.Debug|x86.ActiveCfg = Debug|Any CPU
		{1E97C20C-6111-4D34-BAF4-5687C2593C01}.Debug|x86.Build.0 = Debug|Any CPU
		{1E97C20C-6111-4D34-BAF4-5687C2593C01}.Release|Any CPU.ActiveCfg = Release|Any CPU
		{1E97C20C-6111-4D34-BAF4-5687C2593C01}.Release|Any CPU.Build.0 = Release|Any CPU
		{1E97C20C-6111-4D34-BAF4-5687C2593C01}.Release|ARM.ActiveCfg = Release|Any CPU
		{1E97C20C-6111-4D34-BAF4-5687C2593C01}.Release|ARM.Build.0 = Release|Any CPU
		{1E97C20C-6111-4D34-BAF4-5687C2593C01}.Release|x64.ActiveCfg = Release|Any CPU
		{1E97C20C-6111-4D34-BAF4-5687C2593C01}.Release|x64.Build.0 = Release|Any CPU
		{1E97C20C-6111-4D34-BAF4-5687C2593C01}.Release|x86.ActiveCfg = Release|Any CPU
		{1E97C20C-6111-4D34-BAF4-5687C2593C01}.Release|x86.Build.0 = Release|Any CPU
		{D57CB209-36AA-4F1D-A666-4478919973AA}.Debug|Any CPU.ActiveCfg = Debug|Any CPU
		{D57CB209-36AA-4F1D-A666-4478919973AA}.Debug|Any CPU.Build.0 = Debug|Any CPU
		{D57CB209-36AA-4F1D-A666-4478919973AA}.Debug|ARM.ActiveCfg = Debug|Any CPU
		{D57CB209-36AA-4F1D-A666-4478919973AA}.Debug|ARM.Build.0 = Debug|Any CPU
		{D57CB209-36AA-4F1D-A666-4478919973AA}.Debug|x64.ActiveCfg = Debug|Any CPU
		{D57CB209-36AA-4F1D-A666-4478919973AA}.Debug|x64.Build.0 = Debug|Any CPU
		{D57CB209-36AA-4F1D-A666-4478919973AA}.Debug|x86.ActiveCfg = Debug|Any CPU
		{D57CB209-36AA-4F1D-A666-4478919973AA}.Debug|x86.Build.0 = Debug|Any CPU
		{D57CB209-36AA-4F1D-A666-4478919973AA}.Release|Any CPU.ActiveCfg = Release|Any CPU
		{D57CB209-36AA-4F1D-A666-4478919973AA}.Release|Any CPU.Build.0 = Release|Any CPU
		{D57CB209-36AA-4F1D-A666-4478919973AA}.Release|ARM.ActiveCfg = Release|Any CPU
		{D57CB209-36AA-4F1D-A666-4478919973AA}.Release|ARM.Build.0 = Release|Any CPU
		{D57CB209-36AA-4F1D-A666-4478919973AA}.Release|x64.ActiveCfg = Release|Any CPU
		{D57CB209-36AA-4F1D-A666-4478919973AA}.Release|x64.Build.0 = Release|Any CPU
		{D57CB209-36AA-4F1D-A666-4478919973AA}.Release|x86.ActiveCfg = Release|Any CPU
		{D57CB209-36AA-4F1D-A666-4478919973AA}.Release|x86.Build.0 = Release|Any CPU
		{57F55267-591E-4869-9D1A-CECC37A8164B}.Debug|Any CPU.ActiveCfg = Debug|Any CPU
		{57F55267-591E-4869-9D1A-CECC37A8164B}.Debug|Any CPU.Build.0 = Debug|Any CPU
		{57F55267-591E-4869-9D1A-CECC37A8164B}.Debug|ARM.ActiveCfg = Debug|Any CPU
		{57F55267-591E-4869-9D1A-CECC37A8164B}.Debug|ARM.Build.0 = Debug|Any CPU
		{57F55267-591E-4869-9D1A-CECC37A8164B}.Debug|x64.ActiveCfg = Debug|Any CPU
		{57F55267-591E-4869-9D1A-CECC37A8164B}.Debug|x64.Build.0 = Debug|Any CPU
		{57F55267-591E-4869-9D1A-CECC37A8164B}.Debug|x86.ActiveCfg = Debug|Any CPU
		{57F55267-591E-4869-9D1A-CECC37A8164B}.Debug|x86.Build.0 = Debug|Any CPU
		{57F55267-591E-4869-9D1A-CECC37A8164B}.Release|Any CPU.ActiveCfg = Release|Any CPU
		{57F55267-591E-4869-9D1A-CECC37A8164B}.Release|Any CPU.Build.0 = Release|Any CPU
		{57F55267-591E-4869-9D1A-CECC37A8164B}.Release|ARM.ActiveCfg = Release|Any CPU
		{57F55267-591E-4869-9D1A-CECC37A8164B}.Release|ARM.Build.0 = Release|Any CPU
		{57F55267-591E-4869-9D1A-CECC37A8164B}.Release|x64.ActiveCfg = Release|Any CPU
		{57F55267-591E-4869-9D1A-CECC37A8164B}.Release|x64.Build.0 = Release|Any CPU
		{57F55267-591E-4869-9D1A-CECC37A8164B}.Release|x86.ActiveCfg = Release|Any CPU
		{57F55267-591E-4869-9D1A-CECC37A8164B}.Release|x86.Build.0 = Release|Any CPU
		{C1F247C9-DBCE-4B27-B135-5965803AD78A}.Debug|Any CPU.ActiveCfg = Debug|Any CPU
		{C1F247C9-DBCE-4B27-B135-5965803AD78A}.Debug|Any CPU.Build.0 = Debug|Any CPU
		{C1F247C9-DBCE-4B27-B135-5965803AD78A}.Debug|ARM.ActiveCfg = Debug|Any CPU
		{C1F247C9-DBCE-4B27-B135-5965803AD78A}.Debug|ARM.Build.0 = Debug|Any CPU
		{C1F247C9-DBCE-4B27-B135-5965803AD78A}.Debug|x64.ActiveCfg = Debug|Any CPU
		{C1F247C9-DBCE-4B27-B135-5965803AD78A}.Debug|x64.Build.0 = Debug|Any CPU
		{C1F247C9-DBCE-4B27-B135-5965803AD78A}.Debug|x86.ActiveCfg = Debug|Any CPU
		{C1F247C9-DBCE-4B27-B135-5965803AD78A}.Debug|x86.Build.0 = Debug|Any CPU
		{C1F247C9-DBCE-4B27-B135-5965803AD78A}.Release|Any CPU.ActiveCfg = Release|Any CPU
		{C1F247C9-DBCE-4B27-B135-5965803AD78A}.Release|Any CPU.Build.0 = Release|Any CPU
		{C1F247C9-DBCE-4B27-B135-5965803AD78A}.Release|ARM.ActiveCfg = Release|Any CPU
		{C1F247C9-DBCE-4B27-B135-5965803AD78A}.Release|ARM.Build.0 = Release|Any CPU
		{C1F247C9-DBCE-4B27-B135-5965803AD78A}.Release|x64.ActiveCfg = Release|Any CPU
		{C1F247C9-DBCE-4B27-B135-5965803AD78A}.Release|x64.Build.0 = Release|Any CPU
		{C1F247C9-DBCE-4B27-B135-5965803AD78A}.Release|x86.ActiveCfg = Release|Any CPU
		{C1F247C9-DBCE-4B27-B135-5965803AD78A}.Release|x86.Build.0 = Release|Any CPU
	EndGlobalSection
	GlobalSection(SolutionProperties) = preSolution
		HideSolutionNode = FALSE
	EndGlobalSection
	GlobalSection(ExtensibilityGlobals) = postSolution
		SolutionGuid = {EEFBCD63-1FFB-4E24-852B-450F47FD5B60}
	EndGlobalSection
EndGlobal
